
Microsoft Visual Studio Solution File, Format Version 12.00
# Visual Studio Version 17
VisualStudioVersion = 17.12.35728.132
MinimumVisualStudioVersion = 10.0.40219.1
Project("{FAE04EC0-301F-11D3-BF4B-00C04F79EFBC}") = "WebApi", "WebApi\WebApi.csproj", "{886C0830-FC3A-4527-9DFE-5CBEF456864E}"
EndProject
Project("{FAE04EC0-301F-11D3-BF4B-00C04F79EFBC}") = "Data", "Data\Data.csproj", "{22FA5712-F847-42B8-AE53-C8879D80281C}"
EndProject
Project("{FAE04EC0-301F-11D3-BF4B-00C04F79EFBC}") = "Business", "Business\Business.csproj", "{211B7C3B-EA37-4943-8C9C-AA5D1BBD32A2}"
EndProject
Project("{FAE04EC0-301F-11D3-BF4B-00C04F79EFBC}") = "Repository_Tests", "Tests\Repository_Tests.csproj", "{E17597AB-2D3F-4667-858D-F0FD2D07C815}"
EndProject
Project("{FAE04EC0-301F-11D3-BF4B-00C04F79EFBC}") = "ResponseModel", "ResponseModel\ResponseModel.csproj", "{712317C9-D42F-48F4-9D5F-A95CB26091E1}"
EndProject
Project("{FAE04EC0-301F-11D3-BF4B-00C04F79EFBC}") = "Service_Tests", "Service_Tests\Service_Tests.csproj", "{E41B8170-96E5-49D6-A4E8-B42BA1408B32}"
EndProject
Global
	GlobalSection(SolutionConfigurationPlatforms) = preSolution
		Debug|Any CPU = Debug|Any CPU
		Release|Any CPU = Release|Any CPU
	EndGlobalSection
	GlobalSection(ProjectConfigurationPlatforms) = postSolution
		{886C0830-FC3A-4527-9DFE-5CBEF456864E}.Debug|Any CPU.ActiveCfg = Debug|Any CPU
		{886C0830-FC3A-4527-9DFE-5CBEF456864E}.Debug|Any CPU.Build.0 = Debug|Any CPU
		{886C0830-FC3A-4527-9DFE-5CBEF456864E}.Release|Any CPU.ActiveCfg = Release|Any CPU
		{886C0830-FC3A-4527-9DFE-5CBEF456864E}.Release|Any CPU.Build.0 = Release|Any CPU
		{22FA5712-F847-42B8-AE53-C8879D80281C}.Debug|Any CPU.ActiveCfg = Debug|Any CPU
		{22FA5712-F847-42B8-AE53-C8879D80281C}.Debug|Any CPU.Build.0 = Debug|Any CPU
		{22FA5712-F847-42B8-AE53-C8879D80281C}.Release|Any CPU.ActiveCfg = Release|Any CPU
		{22FA5712-F847-42B8-AE53-C8879D80281C}.Release|Any CPU.Build.0 = Release|Any CPU
		{211B7C3B-EA37-4943-8C9C-AA5D1BBD32A2}.Debug|Any CPU.ActiveCfg = Debug|Any CPU
		{211B7C3B-EA37-4943-8C9C-AA5D1BBD32A2}.Debug|Any CPU.Build.0 = Debug|Any CPU
		{211B7C3B-EA37-4943-8C9C-AA5D1BBD32A2}.Release|Any CPU.ActiveCfg = Release|Any CPU
		{211B7C3B-EA37-4943-8C9C-AA5D1BBD32A2}.Release|Any CPU.Build.0 = Release|Any CPU
		{E17597AB-2D3F-4667-858D-F0FD2D07C815}.Debug|Any CPU.ActiveCfg = Debug|Any CPU
		{E17597AB-2D3F-4667-858D-F0FD2D07C815}.Debug|Any CPU.Build.0 = Debug|Any CPU
		{E17597AB-2D3F-4667-858D-F0FD2D07C815}.Release|Any CPU.ActiveCfg = Release|Any CPU
		{E17597AB-2D3F-4667-858D-F0FD2D07C815}.Release|Any CPU.Build.0 = Release|Any CPU
		{712317C9-D42F-48F4-9D5F-A95CB26091E1}.Debug|Any CPU.ActiveCfg = Debug|Any CPU
		{712317C9-D42F-48F4-9D5F-A95CB26091E1}.Debug|Any CPU.Build.0 = Debug|Any CPU
		{712317C9-D42F-48F4-9D5F-A95CB26091E1}.Release|Any CPU.ActiveCfg = Release|Any CPU
		{712317C9-D42F-48F4-9D5F-A95CB26091E1}.Release|Any CPU.Build.0 = Release|Any CPU
		{E41B8170-96E5-49D6-A4E8-B42BA1408B32}.Debug|Any CPU.ActiveCfg = Debug|Any CPU
		{E41B8170-96E5-49D6-A4E8-B42BA1408B32}.Debug|Any CPU.Build.0 = Debug|Any CPU
		{E41B8170-96E5-49D6-A4E8-B42BA1408B32}.Release|Any CPU.ActiveCfg = Release|Any CPU
		{E41B8170-96E5-49D6-A4E8-B42BA1408B32}.Release|Any CPU.Build.0 = Release|Any CPU
	EndGlobalSection
	GlobalSection(SolutionProperties) = preSolution
		HideSolutionNode = FALSE
	EndGlobalSection
EndGlobal
